{
  "requires": true,
  "lockfileVersion": 1,
  "dependencies": {
    "node": {
      "version": "8.11.3",
      "resolved": "https://registry.npmjs.org/node/-/node-8.11.3.tgz",
      "integrity": "sha512-WcjMru2asV/2Luul5wFpgw+SXc2GrD9X4nGswd1r4DoKpNU56+U3TB3+gZgswX4zYiCN8fIwwMwcAJBscS0jdg==",
      "requires": {
        "node-bin-setup": "^1.0.0"
      }
    },
    "node-bin-setup": {
      "version": "1.0.6",
      "resolved": "https://registry.npmjs.org/node-bin-setup/-/node-bin-setup-1.0.6.tgz",
      "integrity": "sha512-uPIxXNis1CRbv1DwqAxkgBk5NFV3s7cMN/Gf556jSw6jBvV7ca4F9lRL/8cALcZecRibeqU+5dFYqFFmzv5a0Q=="
    },
    "requirejs": {
      "version": "2.3.5",
      "resolved": "https://registry.npmjs.org/requirejs/-/requirejs-2.3.5.tgz",
      "integrity": "sha512-svnO+aNcR/an9Dpi44C7KSAy5fFGLtmPbaaCeQaklUz8BQhS64tWWIIlvEA5jrWICzlO/X9KSzSeXFnZdBu8nw=="
    },
    "stockfish": {
      "version": "8.0.0",
      "resolved": "https://registry.npmjs.org/stockfish/-/stockfish-8.0.0.tgz",
      "integrity": "sha1-tvf8WO897s0og36gftYB6Bkh2TY="
    }
  }
}
